
Microsoft Visual Studio Solution File, Format Version 12.00
# Visual Studio 2013
VisualStudioVersion = 12.0.31101.0
MinimumVisualStudioVersion = 10.0.40219.1
Project("{2150E333-8FDC-42A3-9474-1A3956D46DE8}") = "Library", "Library", "{B58531E4-D4E0-4AD2-A569-00D2AAC1649D}"
	ProjectSection(SolutionItems) = preProject
		Library\AC.ExtendedRenderer.Toolkit.dll = Library\AC.ExtendedRenderer.Toolkit.dll
		Library\AMS.TextBox.dll = Library\AMS.TextBox.dll
		Library\AMS.TextBox.xml = Library\AMS.TextBox.xml
		Library\AntiXSSLibrary.dll = Library\AntiXSSLibrary.dll
		Library\ClosedXML.dll = Library\ClosedXML.dll
		Library\ClosedXML.XML = Library\ClosedXML.XML
		Library\ComponentFactory.Krypton.Toolkit.dll = Library\ComponentFactory.Krypton.Toolkit.dll
		Library\Elmah.dll = Library\Elmah.dll
		Library\Elmah.pdb = Library\Elmah.pdb
		Library\Elmah.xml = Library\Elmah.xml
		Library\EPPlus.dll = Library\EPPlus.dll
		Library\EPPlus.XML = Library\EPPlus.XML
		Library\itextsharp.dll = Library\itextsharp.dll
		Library\KellermanSoftware.Compare-NET-Objects.dll = Library\KellermanSoftware.Compare-NET-Objects.dll
		Library\Microsoft.Practices.ServiceLocation.dll = Library\Microsoft.Practices.ServiceLocation.dll
		Library\Microsoft.Practices.ServiceLocation.XML = Library\Microsoft.Practices.ServiceLocation.XML
		Library\Microsoft.Practices.Unity.Configuration.dll = Library\Microsoft.Practices.Unity.Configuration.dll
		Library\Microsoft.Practices.Unity.Configuration.xml = Library\Microsoft.Practices.Unity.Configuration.xml
		Library\Microsoft.Practices.Unity.dll = Library\Microsoft.Practices.Unity.dll
		Library\Microsoft.Practices.Unity.xml = Library\Microsoft.Practices.Unity.xml
		Library\Mvc Foolproof Validation.dll = Library\Mvc Foolproof Validation.dll
		Library\Newtonsoft.Json.dll = Library\Newtonsoft.Json.dll
		Library\Newtonsoft.Json.pdb = Library\Newtonsoft.Json.pdb
		Library\Newtonsoft.Json.xml = Library\Newtonsoft.Json.xml
		Library\UnidecodeSharpFork.dll = Library\UnidecodeSharpFork.dll
		Library\Unity.Mvc3.dll = Library\Unity.Mvc3.dll
	EndProjectSection
EndProject
Project("{FAE04EC0-301F-11D3-BF4B-00C04F79EFBC}") = "Common", "Common\Common.csproj", "{50ECB7F4-77F2-45D4-BC0F-4D26ACD8466A}"
EndProject
Project("{FAE04EC0-301F-11D3-BF4B-00C04F79EFBC}") = "SplashScreen", "SplashScreen\SplashScreen.csproj", "{743EDB81-D2AC-4A52-A313-50BD4229401B}"
EndProject
Project("{FAE04EC0-301F-11D3-BF4B-00C04F79EFBC}") = "LinqDataModel", "LinqDataModel\LinqDataModel.csproj", "{0A7DAC6B-B6AF-4AD5-AA1F-D5E93ABC84B8}"
EndProject
Project("{FAE04EC0-301F-11D3-BF4B-00C04F79EFBC}") = "IMS_Web", "IMS_Web\IMS_Web\IMS_Web.csproj", "{E823A49A-C1C3-45AF-B26D-11EE12834C99}"
EndProject
Project("{FAE04EC0-301F-11D3-BF4B-00C04F79EFBC}") = "IMS.Main", "IMS.Main\IMS.Main.csproj", "{2CF8F0ED-7513-446B-90D0-3C07858C1F22}"
EndProject
Project("{FAE04EC0-301F-11D3-BF4B-00C04F79EFBC}") = "IMS.Presentation", "IMS.Presentation\IMS.Presentation.csproj", "{7F5A680A-B980-421E-8049-A7E0D3086541}"
EndProject
Project("{2150E333-8FDC-42A3-9474-1A3956D46DE8}") = "Fiscal", "Fiscal", "{0DB9809F-3ACE-403F-9CF5-02D41E6BE069}"
	ProjectSection(SolutionItems) = preProject
		Library\_Fiskalni\Bujar.Fiscal.dll = Library\_Fiskalni\Bujar.Fiscal.dll
		Library\_Fiskalni\Fiscal32.exe = Library\_Fiskalni\Fiscal32.exe
		Library\_Fiskalni\fiskal.ini = Library\_Fiskalni\fiskal.ini
		Library\_Fiskalni\pf500.err = Library\_Fiskalni\pf500.err
		Library\_Fiskalni\PF500.IN = Library\_Fiskalni\PF500.IN
		Library\_Fiskalni\pf500.out = Library\_Fiskalni\pf500.out
		Library\_Fiskalni\pf550.dll = Library\_Fiskalni\pf550.dll
		Library\_Fiskalni\Upatstvo.txt = Library\_Fiskalni\Upatstvo.txt
	EndProjectSection
EndProject
Project("{FAE04EC0-301F-11D3-BF4B-00C04F79EFBC}") = "IMS.Resources", "IMS.Resources\IMS.Resources.csproj", "{D27168E8-420A-4E08-A038-5B2A34BB47F1}"
EndProject
Project("{FAE04EC0-301F-11D3-BF4B-00C04F79EFBC}") = "IMS.Fiscal", "IMS.Fiscal\IMS.Fiscal.csproj", "{B00F05A6-CEC4-44E5-8721-4EDB34BE619E}"
EndProject
Project("{00D1A9C2-B5F0-4AF3-8072-F6C62B433612}") = "IMS.Database", "IMS.Database\IMS.Database.sqlproj", "{D3479B82-0E98-4007-A6B7-A55778BF074F}"
EndProject
Global
	GlobalSection(SolutionConfigurationPlatforms) = preSolution
		Debug|Any CPU = Debug|Any CPU
		Release|Any CPU = Release|Any CPU
	EndGlobalSection
	GlobalSection(ProjectConfigurationPlatforms) = postSolution
		{50ECB7F4-77F2-45D4-BC0F-4D26ACD8466A}.Debug|Any CPU.ActiveCfg = Debug|Any CPU
		{50ECB7F4-77F2-45D4-BC0F-4D26ACD8466A}.Debug|Any CPU.Build.0 = Debug|Any CPU
		{50ECB7F4-77F2-45D4-BC0F-4D26ACD8466A}.Release|Any CPU.ActiveCfg = Release|Any CPU
		{50ECB7F4-77F2-45D4-BC0F-4D26ACD8466A}.Release|Any CPU.Build.0 = Release|Any CPU
		{743EDB81-D2AC-4A52-A313-50BD4229401B}.Debug|Any CPU.ActiveCfg = Debug|Any CPU
		{743EDB81-D2AC-4A52-A313-50BD4229401B}.Debug|Any CPU.Build.0 = Debug|Any CPU
		{743EDB81-D2AC-4A52-A313-50BD4229401B}.Release|Any CPU.ActiveCfg = Release|Any CPU
		{743EDB81-D2AC-4A52-A313-50BD4229401B}.Release|Any CPU.Build.0 = Release|Any CPU
		{0A7DAC6B-B6AF-4AD5-AA1F-D5E93ABC84B8}.Debug|Any CPU.ActiveCfg = Debug|Any CPU
		{0A7DAC6B-B6AF-4AD5-AA1F-D5E93ABC84B8}.Debug|Any CPU.Build.0 = Debug|Any CPU
		{0A7DAC6B-B6AF-4AD5-AA1F-D5E93ABC84B8}.Release|Any CPU.ActiveCfg = Release|Any CPU
		{0A7DAC6B-B6AF-4AD5-AA1F-D5E93ABC84B8}.Release|Any CPU.Build.0 = Release|Any CPU
		{E823A49A-C1C3-45AF-B26D-11EE12834C99}.Debug|Any CPU.ActiveCfg = Debug|Any CPU
		{E823A49A-C1C3-45AF-B26D-11EE12834C99}.Debug|Any CPU.Build.0 = Debug|Any CPU
		{E823A49A-C1C3-45AF-B26D-11EE12834C99}.Release|Any CPU.ActiveCfg = Release|Any CPU
		{E823A49A-C1C3-45AF-B26D-11EE12834C99}.Release|Any CPU.Build.0 = Release|Any CPU
		{2CF8F0ED-7513-446B-90D0-3C07858C1F22}.Debug|Any CPU.ActiveCfg = Debug|Any CPU
		{2CF8F0ED-7513-446B-90D0-3C07858C1F22}.Debug|Any CPU.Build.0 = Debug|Any CPU
		{2CF8F0ED-7513-446B-90D0-3C07858C1F22}.Release|Any CPU.ActiveCfg = Release|Any CPU
		{2CF8F0ED-7513-446B-90D0-3C07858C1F22}.Release|Any CPU.Build.0 = Release|Any CPU
		{7F5A680A-B980-421E-8049-A7E0D3086541}.Debug|Any CPU.ActiveCfg = Debug|Any CPU
		{7F5A680A-B980-421E-8049-A7E0D3086541}.Debug|Any CPU.Build.0 = Debug|Any CPU
		{7F5A680A-B980-421E-8049-A7E0D3086541}.Release|Any CPU.ActiveCfg = Release|Any CPU
		{7F5A680A-B980-421E-8049-A7E0D3086541}.Release|Any CPU.Build.0 = Release|Any CPU
		{D27168E8-420A-4E08-A038-5B2A34BB47F1}.Debug|Any CPU.ActiveCfg = Debug|Any CPU
		{D27168E8-420A-4E08-A038-5B2A34BB47F1}.Debug|Any CPU.Build.0 = Debug|Any CPU
		{D27168E8-420A-4E08-A038-5B2A34BB47F1}.Release|Any CPU.ActiveCfg = Release|Any CPU
		{D27168E8-420A-4E08-A038-5B2A34BB47F1}.Release|Any CPU.Build.0 = Release|Any CPU
		{B00F05A6-CEC4-44E5-8721-4EDB34BE619E}.Debug|Any CPU.ActiveCfg = Debug|Any CPU
		{B00F05A6-CEC4-44E5-8721-4EDB34BE619E}.Debug|Any CPU.Build.0 = Debug|Any CPU
		{B00F05A6-CEC4-44E5-8721-4EDB34BE619E}.Release|Any CPU.ActiveCfg = Release|Any CPU
		{B00F05A6-CEC4-44E5-8721-4EDB34BE619E}.Release|Any CPU.Build.0 = Release|Any CPU
		{D3479B82-0E98-4007-A6B7-A55778BF074F}.Debug|Any CPU.ActiveCfg = Debug|Any CPU
		{D3479B82-0E98-4007-A6B7-A55778BF074F}.Debug|Any CPU.Build.0 = Debug|Any CPU
		{D3479B82-0E98-4007-A6B7-A55778BF074F}.Debug|Any CPU.Deploy.0 = Debug|Any CPU
		{D3479B82-0E98-4007-A6B7-A55778BF074F}.Release|Any CPU.ActiveCfg = Release|Any CPU
		{D3479B82-0E98-4007-A6B7-A55778BF074F}.Release|Any CPU.Build.0 = Release|Any CPU
		{D3479B82-0E98-4007-A6B7-A55778BF074F}.Release|Any CPU.Deploy.0 = Release|Any CPU
	EndGlobalSection
	GlobalSection(SolutionProperties) = preSolution
		HideSolutionNode = FALSE
	EndGlobalSection
	GlobalSection(NestedProjects) = preSolution
		{0DB9809F-3ACE-403F-9CF5-02D41E6BE069} = {B58531E4-D4E0-4AD2-A569-00D2AAC1649D}
	EndGlobalSection
	GlobalSection(ExtensibilityGlobals) = postSolution
		EnterpriseLibraryConfigurationToolBinariesPath = packages\Unity.2.1.505.2\lib\NET35
		VisualSVNWorkingCopyRoot = .
	EndGlobalSection
EndGlobal
